
Microsoft Visual Studio Solution File, Format Version 12.00
# Visual Studio Version 17
VisualStudioVersion = 17.4.33122.133
MinimumVisualStudioVersion = 10.0.40219.1
Project("{FAE04EC0-301F-11D3-BF4B-00C04F79EFBC}") = "tp5", "tp5\tp5.csproj", "{40D00D6A-F64D-44CC-9A10-94A0132B9987}"
EndProject
Global
	GlobalSection(SolutionConfigurationPlatforms) = preSolution
		Debug|Any CPU = Debug|Any CPU
		Release|Any CPU = Release|Any CPU
	EndGlobalSection
	GlobalSection(ProjectConfigurationPlatforms) = postSolution
		{40D00D6A-F64D-44CC-9A10-94A0132B9987}.Debug|Any CPU.ActiveCfg = Debug|Any CPU
		{40D00D6A-F64D-44CC-9A10-94A0132B9987}.Debug|Any CPU.Build.0 = Debug|Any CPU
		{40D00D6A-F64D-44CC-9A10-94A0132B9987}.Release|Any CPU.ActiveCfg = Release|Any CPU
		{40D00D6A-F64D-44CC-9A10-94A0132B9987}.Release|Any CPU.Build.0 = Release|Any CPU
	EndGlobalSection
	GlobalSection(SolutionProperties) = preSolution
		HideSolutionNode = FALSE
	EndGlobalSection
	GlobalSection(ExtensibilityGlobals) = postSolution
		SolutionGuid = {89D09B88-09D6-4B3F-8EFB-E6C512067841}
	EndGlobalSection
EndGlobal
